{
  "requires": true,
  "lockfileVersion": 1,
  "dependencies": {
    "fix-whitespace": {
      "version": "1.0.3",
      "resolved": "https://registry.npmjs.org/fix-whitespace/-/fix-whitespace-1.0.3.tgz",
      "integrity": "sha1-eTVKgWzBKguT+HTkxeA8S5mR9pU="
    },
    "minimist": {
      "version": "0.0.8",
      "resolved": "https://registry.npmjs.org/minimist/-/minimist-0.0.8.tgz",
      "integrity": "sha1-hX/Kv8M5fSYluCKCYuhqp6ARsF0="
    },
    "mkdirp": {
      "version": "0.5.1",
      "resolved": "https://registry.npmjs.org/mkdirp/-/mkdirp-0.5.1.tgz",
      "integrity": "sha1-MAV0OOrGz3+MR2fzhkjWaX11yQM=",
      "requires": {
        "minimist": "0.0.8"
      }
    }
  }
}
